
Microsoft Visual Studio Solution File, Format Version 12.00
# Visual Studio Version 17
VisualStudioVersion = 17.4.33122.133
MinimumVisualStudioVersion = 10.0.40219.1
Project("{9A19103F-16F7-4668-BE54-9A1E7A4F7556}") = "Core.Infrastructure.ConsoleApp", "Core.Infrastructure.ConsoleApp\Core.Infrastructure.ConsoleApp.csproj", "{346FEE6E-122F-4F65-AF29-83A4588A5612}"
EndProject
Project("{9A19103F-16F7-4668-BE54-9A1E7A4F7556}") = "Tests.Infrastructure.ConsoleApp", "Tests.Infrastructure.ConsoleApp\Tests.Infrastructure.ConsoleApp.csproj", "{EB483594-9967-4247-8566-257D33E84C83}"
EndProject
Project("{9A19103F-16F7-4668-BE54-9A1E7A4F7556}") = "Core.Infrastructure.GitHub", "Core.Infrastructure.GitHub\Core.Infrastructure.GitHub.csproj", "{8BDA8EBB-0683-4B29-8807-0EAA03946B7C}"
EndProject
Project("{FAE04EC0-301F-11D3-BF4B-00C04F79EFBC}") = "Core.Application", "Core.Application\Core.Application.csproj", "{3212D1FB-96FE-4FBF-8650-4ED8BD892741}"
EndProject
Project("{FAE04EC0-301F-11D3-BF4B-00C04F79EFBC}") = "Core.Infrastructure.FileSystem", "Core.Infrastructure.FileSystem\Core.Infrastructure.FileSystem.csproj", "{1081595A-403E-4CBB-8275-474F0307E1EE}"
EndProject
Project("{FAE04EC0-301F-11D3-BF4B-00C04F79EFBC}") = "Core.Infrastructure.Windows.CertificateStore", "Core.Infrastructure.Windows.CertificateStore\Core.Infrastructure.Windows.CertificateStore.csproj", "{165885A5-5D1E-468D-A402-EF8D6F922C0C}"
EndProject
Global
	GlobalSection(SolutionConfigurationPlatforms) = preSolution
		Debug|Any CPU = Debug|Any CPU
		Release|Any CPU = Release|Any CPU
	EndGlobalSection
	GlobalSection(ProjectConfigurationPlatforms) = postSolution
		{346FEE6E-122F-4F65-AF29-83A4588A5612}.Debug|Any CPU.ActiveCfg = Debug|Any CPU
		{346FEE6E-122F-4F65-AF29-83A4588A5612}.Debug|Any CPU.Build.0 = Debug|Any CPU
		{346FEE6E-122F-4F65-AF29-83A4588A5612}.Release|Any CPU.ActiveCfg = Release|Any CPU
		{346FEE6E-122F-4F65-AF29-83A4588A5612}.Release|Any CPU.Build.0 = Release|Any CPU
		{EB483594-9967-4247-8566-257D33E84C83}.Debug|Any CPU.ActiveCfg = Debug|Any CPU
		{EB483594-9967-4247-8566-257D33E84C83}.Debug|Any CPU.Build.0 = Debug|Any CPU
		{EB483594-9967-4247-8566-257D33E84C83}.Release|Any CPU.ActiveCfg = Release|Any CPU
		{EB483594-9967-4247-8566-257D33E84C83}.Release|Any CPU.Build.0 = Release|Any CPU
		{8BDA8EBB-0683-4B29-8807-0EAA03946B7C}.Debug|Any CPU.ActiveCfg = Debug|Any CPU
		{8BDA8EBB-0683-4B29-8807-0EAA03946B7C}.Debug|Any CPU.Build.0 = Debug|Any CPU
		{8BDA8EBB-0683-4B29-8807-0EAA03946B7C}.Release|Any CPU.ActiveCfg = Release|Any CPU
		{8BDA8EBB-0683-4B29-8807-0EAA03946B7C}.Release|Any CPU.Build.0 = Release|Any CPU
		{3212D1FB-96FE-4FBF-8650-4ED8BD892741}.Debug|Any CPU.ActiveCfg = Debug|Any CPU
		{3212D1FB-96FE-4FBF-8650-4ED8BD892741}.Debug|Any CPU.Build.0 = Debug|Any CPU
		{3212D1FB-96FE-4FBF-8650-4ED8BD892741}.Release|Any CPU.ActiveCfg = Release|Any CPU
		{3212D1FB-96FE-4FBF-8650-4ED8BD892741}.Release|Any CPU.Build.0 = Release|Any CPU
		{1081595A-403E-4CBB-8275-474F0307E1EE}.Debug|Any CPU.ActiveCfg = Debug|Any CPU
		{1081595A-403E-4CBB-8275-474F0307E1EE}.Debug|Any CPU.Build.0 = Debug|Any CPU
		{1081595A-403E-4CBB-8275-474F0307E1EE}.Release|Any CPU.ActiveCfg = Release|Any CPU
		{1081595A-403E-4CBB-8275-474F0307E1EE}.Release|Any CPU.Build.0 = Release|Any CPU
		{165885A5-5D1E-468D-A402-EF8D6F922C0C}.Debug|Any CPU.ActiveCfg = Debug|Any CPU
		{165885A5-5D1E-468D-A402-EF8D6F922C0C}.Debug|Any CPU.Build.0 = Debug|Any CPU
		{165885A5-5D1E-468D-A402-EF8D6F922C0C}.Release|Any CPU.ActiveCfg = Release|Any CPU
		{165885A5-5D1E-468D-A402-EF8D6F922C0C}.Release|Any CPU.Build.0 = Release|Any CPU
	EndGlobalSection
	GlobalSection(SolutionProperties) = preSolution
		HideSolutionNode = FALSE
	EndGlobalSection
	GlobalSection(ExtensibilityGlobals) = postSolution
		SolutionGuid = {9AF82B77-746F-4E21-B33E-EDB049FFF9BD}
	EndGlobalSection
EndGlobal
